
Microsoft Visual Studio Solution File, Format Version 12.00
# Visual Studio 15
VisualStudioVersion = 15.0.27428.2005
MinimumVisualStudioVersion = 10.0.40219.1
Project("{FAE04EC0-301F-11D3-BF4B-00C04F79EFBC}") = "Registration Form", "Registration Form\Registration Form.csproj", "{0D895645-2C93-40AB-ADAF-9D4417DA2202}"
EndProject
Project("{00D1A9C2-B5F0-4AF3-8072-F6C62B433612}") = "NewRegistration", "..\repos\NewRegistration\NewRegistration.sqlproj", "{33A90473-293E-49AA-A91F-9379CDB6C356}"
EndProject
Global
	GlobalSection(SolutionConfigurationPlatforms) = preSolution
		Debug|Any CPU = Debug|Any CPU
		Release|Any CPU = Release|Any CPU
	EndGlobalSection
	GlobalSection(ProjectConfigurationPlatforms) = postSolution
		{0D895645-2C93-40AB-ADAF-9D4417DA2202}.Debug|Any CPU.ActiveCfg = Debug|Any CPU
		{0D895645-2C93-40AB-ADAF-9D4417DA2202}.Debug|Any CPU.Build.0 = Debug|Any CPU
		{0D895645-2C93-40AB-ADAF-9D4417DA2202}.Release|Any CPU.ActiveCfg = Release|Any CPU
		{0D895645-2C93-40AB-ADAF-9D4417DA2202}.Release|Any CPU.Build.0 = Release|Any CPU
		{33A90473-293E-49AA-A91F-9379CDB6C356}.Debug|Any CPU.ActiveCfg = Debug|Any CPU
		{33A90473-293E-49AA-A91F-9379CDB6C356}.Debug|Any CPU.Build.0 = Debug|Any CPU
		{33A90473-293E-49AA-A91F-9379CDB6C356}.Debug|Any CPU.Deploy.0 = Debug|Any CPU
		{33A90473-293E-49AA-A91F-9379CDB6C356}.Release|Any CPU.ActiveCfg = Release|Any CPU
		{33A90473-293E-49AA-A91F-9379CDB6C356}.Release|Any CPU.Build.0 = Release|Any CPU
		{33A90473-293E-49AA-A91F-9379CDB6C356}.Release|Any CPU.Deploy.0 = Release|Any CPU
	EndGlobalSection
	GlobalSection(SolutionProperties) = preSolution
		HideSolutionNode = FALSE
	EndGlobalSection
	GlobalSection(ExtensibilityGlobals) = postSolution
		SolutionGuid = {A92D9315-AA04-4EAD-8CEB-ECE9D871ABC1}
	EndGlobalSection
EndGlobal
